
Microsoft Visual Studio Solution File, Format Version 12.00
# Visual Studio 2012
Project("{FAE04EC0-301F-11D3-BF4B-00C04F79EFBC}") = "ConsoleApplication25", "ConsoleApplication25\ConsoleApplication25.csproj", "{CE0D2DD9-6A19-498A-BB39-E621F17CF2D2}"
EndProject
Global
	GlobalSection(SolutionConfigurationPlatforms) = preSolution
		Debug|Any CPU = Debug|Any CPU
		Release|Any CPU = Release|Any CPU
	EndGlobalSection
	GlobalSection(ProjectConfigurationPlatforms) = postSolution
		{CE0D2DD9-6A19-498A-BB39-E621F17CF2D2}.Debug|Any CPU.ActiveCfg = Debug|Any CPU
		{CE0D2DD9-6A19-498A-BB39-E621F17CF2D2}.Debug|Any CPU.Build.0 = Debug|Any CPU
		{CE0D2DD9-6A19-498A-BB39-E621F17CF2D2}.Release|Any CPU.ActiveCfg = Release|Any CPU
		{CE0D2DD9-6A19-498A-BB39-E621F17CF2D2}.Release|Any CPU.Build.0 = Release|Any CPU
	EndGlobalSection
	GlobalSection(SolutionProperties) = preSolution
		HideSolutionNode = FALSE
	EndGlobalSection
EndGlobal
